
Microsoft Visual Studio Solution File, Format Version 12.00
# Visual Studio Version 17
VisualStudioVersion = 17.0.31903.59
MinimumVisualStudioVersion = 10.0.40219.1
Project("{FAE04EC0-301F-11D3-BF4B-00C04F79EFBC}") = "Web.API", "Web.API\Web.API.csproj", "{00AFDD69-CD48-4268-AEFE-01F99D22ACA6}"
EndProject
Project("{FAE04EC0-301F-11D3-BF4B-00C04F79EFBC}") = "Application", "Application\Application.csproj", "{12800651-9761-47D6-9C23-9A10C31E8CA4}"
EndProject
Project("{FAE04EC0-301F-11D3-BF4B-00C04F79EFBC}") = "Infrastructure", "Infrastructure\Infrastructure.csproj", "{96600E29-ECD5-44D9-B5C7-5AE7C54A8974}"
EndProject
Project("{FAE04EC0-301F-11D3-BF4B-00C04F79EFBC}") = "Domain", "Domain\Domain.csproj", "{629C8489-7E04-412A-A431-8BE71EF8BD72}"
EndProject
Global
	GlobalSection(SolutionConfigurationPlatforms) = preSolution
		Debug|Any CPU = Debug|Any CPU
		Release|Any CPU = Release|Any CPU
	EndGlobalSection
	GlobalSection(SolutionProperties) = preSolution
		HideSolutionNode = FALSE
	EndGlobalSection
	GlobalSection(ProjectConfigurationPlatforms) = postSolution
		{00AFDD69-CD48-4268-AEFE-01F99D22ACA6}.Debug|Any CPU.ActiveCfg = Debug|Any CPU
		{00AFDD69-CD48-4268-AEFE-01F99D22ACA6}.Debug|Any CPU.Build.0 = Debug|Any CPU
		{00AFDD69-CD48-4268-AEFE-01F99D22ACA6}.Release|Any CPU.ActiveCfg = Release|Any CPU
		{00AFDD69-CD48-4268-AEFE-01F99D22ACA6}.Release|Any CPU.Build.0 = Release|Any CPU
		{12800651-9761-47D6-9C23-9A10C31E8CA4}.Debug|Any CPU.ActiveCfg = Debug|Any CPU
		{12800651-9761-47D6-9C23-9A10C31E8CA4}.Debug|Any CPU.Build.0 = Debug|Any CPU
		{12800651-9761-47D6-9C23-9A10C31E8CA4}.Release|Any CPU.ActiveCfg = Release|Any CPU
		{12800651-9761-47D6-9C23-9A10C31E8CA4}.Release|Any CPU.Build.0 = Release|Any CPU
		{96600E29-ECD5-44D9-B5C7-5AE7C54A8974}.Debug|Any CPU.ActiveCfg = Debug|Any CPU
		{96600E29-ECD5-44D9-B5C7-5AE7C54A8974}.Debug|Any CPU.Build.0 = Debug|Any CPU
		{96600E29-ECD5-44D9-B5C7-5AE7C54A8974}.Release|Any CPU.ActiveCfg = Release|Any CPU
		{96600E29-ECD5-44D9-B5C7-5AE7C54A8974}.Release|Any CPU.Build.0 = Release|Any CPU
		{629C8489-7E04-412A-A431-8BE71EF8BD72}.Debug|Any CPU.ActiveCfg = Debug|Any CPU
		{629C8489-7E04-412A-A431-8BE71EF8BD72}.Debug|Any CPU.Build.0 = Debug|Any CPU
		{629C8489-7E04-412A-A431-8BE71EF8BD72}.Release|Any CPU.ActiveCfg = Release|Any CPU
		{629C8489-7E04-412A-A431-8BE71EF8BD72}.Release|Any CPU.Build.0 = Release|Any CPU
	EndGlobalSection
EndGlobal
